
Microsoft Visual Studio Solution File, Format Version 11.00
# Visual C# Express 2010
Project("{FAE04EC0-301F-11D3-BF4B-00C04F79EFBC}") = "BinaryReaderPlay", "BinaryReaderPlay\BinaryReaderPlay.csproj", "{21089A8D-6944-4C6E-90F5-61BE82C9919C}"
EndProject
Global
	GlobalSection(SolutionConfigurationPlatforms) = preSolution
		Debug|x86 = Debug|x86
		Release|x86 = Release|x86
	EndGlobalSection
	GlobalSection(ProjectConfigurationPlatforms) = postSolution
		{21089A8D-6944-4C6E-90F5-61BE82C9919C}.Debug|x86.ActiveCfg = Debug|x86
		{21089A8D-6944-4C6E-90F5-61BE82C9919C}.Debug|x86.Build.0 = Debug|x86
		{21089A8D-6944-4C6E-90F5-61BE82C9919C}.Release|x86.ActiveCfg = Release|x86
		{21089A8D-6944-4C6E-90F5-61BE82C9919C}.Release|x86.Build.0 = Release|x86
	EndGlobalSection
	GlobalSection(SolutionProperties) = preSolution
		HideSolutionNode = FALSE
	EndGlobalSection
	GlobalSection(MonoDevelopProperties) = preSolution
		StartupItem = BinaryReaderPlay\BinaryReaderPlay.csproj
	EndGlobalSection
EndGlobal
